// !$*UTF8*$!
{
	archiveVersion = 1;
	classes = {
	};
	objectVersion = 48;
	objects = {

/* Begin PBXBuildFile section */
		2709DEBA1FDD77CC005C24A3 /* Bird.swift in Sources */ = {isa = PBXBuildFile; fileRef = 2709DEB91FDD77CC005C24A3 /* Bird.swift */; };
		271A3A851FDB03CA007BCBEC /* BirdTileSet.sks in Resources */ = {isa = PBXBuildFile; fileRef = 271A3A841FDB03CA007BCBEC /* BirdTileSet.sks */; };
		271A3A8D1FDB0FDC007BCBEC /* GameCamera.swift in Sources */ = {isa = PBXBuildFile; fileRef = 271A3A8C1FDB0FDC007BCBEC /* GameCamera.swift */; };
		27497F521FE8263C007845DD /* SKNode+Extensions.swift in Sources */ = {isa = PBXBuildFile; fileRef = 27497F511FE8263C007845DD /* SKNode+Extensions.swift */; };
		275596A61FDEF536000A1ADD /* Block.swift in Sources */ = {isa = PBXBuildFile; fileRef = 275596A51FDEF536000A1ADD /* Block.swift */; };
		27A104091FDC904E00BB1683 /* Configuration.swift in Sources */ = {isa = PBXBuildFile; fileRef = 27A104081FDC904E00BB1683 /* Configuration.swift */; };
		27C77F171FF96EA400EDE264 /* MenuScene.swift in Sources */ = {isa = PBXBuildFile; fileRef = 27C77F161FF96EA400EDE264 /* MenuScene.swift */; };
		27C77F191FF96EC900EDE264 /* LevelScene.swift in Sources */ = {isa = PBXBuildFile; fileRef = 27C77F181FF96EC900EDE264 /* LevelScene.swift */; };
		27C9664E1FDAFA6D00499A0B /* AppDelegate.swift in Sources */ = {isa = PBXBuildFile; fileRef = 27C9664D1FDAFA6D00499A0B /* AppDelegate.swift */; };
		27C966501FDAFA6D00499A0B /* GameScene_1.sks in Resources */ = {isa = PBXBuildFile; fileRef = 27C9664F1FDAFA6D00499A0B /* GameScene_1.sks */; };
		27C966541FDAFA6D00499A0B /* GameScene.swift in Sources */ = {isa = PBXBuildFile; fileRef = 27C966531FDAFA6D00499A0B /* GameScene.swift */; };
		27C966561FDAFA6D00499A0B /* GameViewController.swift in Sources */ = {isa = PBXBuildFile; fileRef = 27C966551FDAFA6D00499A0B /* GameViewController.swift */; };
		27C966591FDAFA6D00499A0B /* Main.storyboard in Resources */ = {isa = PBXBuildFile; fileRef = 27C966571FDAFA6D00499A0B /* Main.storyboard */; };
		27C9665B1FDAFA6D00499A0B /* Assets.xcassets in Resources */ = {isa = PBXBuildFile; fileRef = 27C9665A1FDAFA6D00499A0B /* Assets.xcassets */; };
		27C9665E1FDAFA6D00499A0B /* LaunchScreen.storyboard in Resources */ = {isa = PBXBuildFile; fileRef = 27C9665C1FDAFA6D00499A0B /* LaunchScreen.storyboard */; };
/* End PBXBuildFile section */

/* Begin PBXFileReference section */
		2709DEB91FDD77CC005C24A3 /* Bird.swift */ = {isa = PBXFileReference; lastKnownFileType = sourcecode.swift; path = Bird.swift; sourceTree = "<group>"; };
		271A3A841FDB03CA007BCBEC /* BirdTileSet.sks */ = {isa = PBXFileReference; lastKnownFileType = file.sks; path = BirdTileSet.sks; sourceTree = "<group>"; };
		271A3A8C1FDB0FDC007BCBEC /* GameCamera.swift */ = {isa = PBXFileReference; lastKnownFileType = sourcecode.swift; path = GameCamera.swift; sourceTree = "<group>"; };
		27497F511FE8263C007845DD /* SKNode+Extensions.swift */ = {isa = PBXFileReference; lastKnownFileType = sourcecode.swift; path = "SKNode+Extensions.swift"; sourceTree = "<group>"; };
		275596A51FDEF536000A1ADD /* Block.swift */ = {isa = PBXFileReference; lastKnownFileType = sourcecode.swift; path = Block.swift; sourceTree = "<group>"; };
		27A104081FDC904E00BB1683 /* Configuration.swift */ = {isa = PBXFileReference; lastKnownFileType = sourcecode.swift; path = Configuration.swift; sourceTree = "<group>"; };
		27C77F161FF96EA400EDE264 /* MenuScene.swift */ = {isa = PBXFileReference; lastKnownFileType = sourcecode.swift; path = MenuScene.swift; sourceTree = "<group>"; };
		27C77F181FF96EC900EDE264 /* LevelScene.swift */ = {isa = PBXFileReference; lastKnownFileType = sourcecode.swift; path = LevelScene.swift; sourceTree = "<group>"; };
		27C9664A1FDAFA6D00499A0B /* FlappyBirds.app */ = {isa = PBXFileReference; explicitFileType = wrapper.application; includeInIndex = 0; path = FlappyBirds.app; sourceTree = BUILT_PRODUCTS_DIR; };
		27C9664D1FDAFA6D00499A0B /* AppDelegate.swift */ = {isa = PBXFileReference; lastKnownFileType = sourcecode.swift; path = AppDelegate.swift; sourceTree = "<group>"; };
		27C9664F1FDAFA6D00499A0B /* GameScene_1.sks */ = {isa = PBXFileReference; lastKnownFileType = file.sks; path = GameScene_1.sks; sourceTree = "<group>"; };
		27C966531FDAFA6D00499A0B /* GameScene.swift */ = {isa = PBXFileReference; lastKnownFileType = sourcecode.swift; path = GameScene.swift; sourceTree = "<group>"; };
		27C966551FDAFA6D00499A0B /* GameViewController.swift */ = {isa = PBXFileReference; lastKnownFileType = sourcecode.swift; path = GameViewController.swift; sourceTree = "<group>"; };
		27C966581FDAFA6D00499A0B /* Base */ = {isa = PBXFileReference; lastKnownFileType = file.storyboard; name = Base; path = Base.lproj/Main.storyboard; sourceTree = "<group>"; };
		27C9665A1FDAFA6D00499A0B /* Assets.xcassets */ = {isa = PBXFileReference; lastKnownFileType = folder.assetcatalog; path = Assets.xcassets; sourceTree = "<group>"; };
		27C9665D1FDAFA6D00499A0B /* Base */ = {isa = PBXFileReference; lastKnownFileType = file.storyboard; name = Base; path = Base.lproj/LaunchScreen.storyboard; sourceTree = "<group>"; };
		27C9665F1FDAFA6D00499A0B /* Info.plist */ = {isa = PBXFileReference; lastKnownFileType = text.plist.xml; path = Info.plist; sourceTree = "<group>"; };
/* End PBXFileReference section */

/* Begin PBXFrameworksBuildPhase section */
		27C966471FDAFA6D00499A0B /* Frameworks */ = {
			isa = PBXFrameworksBuildPhase;
			buildActionMask = 2147483647;
			files = (
			);
			runOnlyForDeploymentPostprocessing = 0;
		};
/* End PBXFrameworksBuildPhase section */

/* Begin PBXGroup section */
		271A3A861FDB0A58007BCBEC /* UI */ = {
			isa = PBXGroup;
			children = (
				27C966571FDAFA6D00499A0B /* Main.storyboard */,
				27C9665A1FDAFA6D00499A0B /* Assets.xcassets */,
				27C9665C1FDAFA6D00499A0B /* LaunchScreen.storyboard */,
			);
			path = UI;
			sourceTree = "<group>";
		};
		271A3A871FDB0A62007BCBEC /* Template */ = {
			isa = PBXGroup;
			children = (
				27C9664D1FDAFA6D00499A0B /* AppDelegate.swift */,
				27A104081FDC904E00BB1683 /* Configuration.swift */,
			);
			path = Template;
			sourceTree = "<group>";
		};
		271A3A881FDB0A6A007BCBEC /* ViewController */ = {
			isa = PBXGroup;
			children = (
				27C966551FDAFA6D00499A0B /* GameViewController.swift */,
			);
			path = ViewController;
			sourceTree = "<group>";
		};
		271A3A891FDB0A85007BCBEC /* Scenes */ = {
			isa = PBXGroup;
			children = (
				27C9664F1FDAFA6D00499A0B /* GameScene_1.sks */,
				27C966531FDAFA6D00499A0B /* GameScene.swift */,
				27C77F161FF96EA400EDE264 /* MenuScene.swift */,
				27C77F181FF96EC900EDE264 /* LevelScene.swift */,
			);
			path = Scenes;
			sourceTree = "<group>";
		};
		271A3A8A1FDB0B09007BCBEC /* TileSets */ = {
			isa = PBXGroup;
			children = (
				271A3A841FDB03CA007BCBEC /* BirdTileSet.sks */,
			);
			path = TileSets;
			sourceTree = "<group>";
		};
		271A3A8B1FDB0FA9007BCBEC /* Custom Nodes */ = {
			isa = PBXGroup;
			children = (
				271A3A8C1FDB0FDC007BCBEC /* GameCamera.swift */,
				2709DEB91FDD77CC005C24A3 /* Bird.swift */,
				275596A51FDEF536000A1ADD /* Block.swift */,
			);
			path = "Custom Nodes";
			sourceTree = "<group>";
		};
		27497F501FE82609007845DD /* Extensions */ = {
			isa = PBXGroup;
			children = (
				27497F511FE8263C007845DD /* SKNode+Extensions.swift */,
			);
			path = Extensions;
			sourceTree = "<group>";
		};
		27C966411FDAFA6D00499A0B = {
			isa = PBXGroup;
			children = (
				27497F501FE82609007845DD /* Extensions */,
				27C9664C1FDAFA6D00499A0B /* FlappyBirds */,
				27C9664B1FDAFA6D00499A0B /* Products */,
			);
			sourceTree = "<group>";
		};
		27C9664B1FDAFA6D00499A0B /* Products */ = {
			isa = PBXGroup;
			children = (
				27C9664A1FDAFA6D00499A0B /* FlappyBirds.app */,
			);
			name = Products;
			sourceTree = "<group>";
		};
		27C9664C1FDAFA6D00499A0B /* FlappyBirds */ = {
			isa = PBXGroup;
			children = (
				271A3A8B1FDB0FA9007BCBEC /* Custom Nodes */,
				27C9665F1FDAFA6D00499A0B /* Info.plist */,
				271A3A8A1FDB0B09007BCBEC /* TileSets */,
				271A3A891FDB0A85007BCBEC /* Scenes */,
				271A3A881FDB0A6A007BCBEC /* ViewController */,
				271A3A871FDB0A62007BCBEC /* Template */,
				271A3A861FDB0A58007BCBEC /* UI */,
			);
			path = FlappyBirds;
			sourceTree = "<group>";
		};
/* End PBXGroup section */

/* Begin PBXNativeTarget section */
		27C966491FDAFA6D00499A0B /* FlappyBirds */ = {
			isa = PBXNativeTarget;
			buildConfigurationList = 27C966621FDAFA6D00499A0B /* Build configuration list for PBXNativeTarget "FlappyBirds" */;
			buildPhases = (
				27C966461FDAFA6D00499A0B /* Sources */,
				27C966471FDAFA6D00499A0B /* Frameworks */,
				27C966481FDAFA6D00499A0B /* Resources */,
			);
			buildRules = (
			);
			dependencies = (
			);
			name = FlappyBirds;
			productName = FlappyBirds;
			productReference = 27C9664A1FDAFA6D00499A0B /* FlappyBirds.app */;
			productType = "com.apple.product-type.application";
		};
/* End PBXNativeTarget section */

/* Begin PBXProject section */
		27C966421FDAFA6D00499A0B /* Project object */ = {
			isa = PBXProject;
			attributes = {
				LastSwiftUpdateCheck = 0910;
				LastUpgradeCheck = 0910;
				ORGANIZATIONNAME = "Lodge Farm Apps";
				TargetAttributes = {
					27C966491FDAFA6D00499A0B = {
						CreatedOnToolsVersion = 9.1;
						ProvisioningStyle = Automatic;
					};
				};
			};
			buildConfigurationList = 27C966451FDAFA6D00499A0B /* Build configuration list for PBXProject "FlappyBirds" */;
			compatibilityVersion = "Xcode 8.0";
			developmentRegion = en;
			hasScannedForEncodings = 0;
			knownRegions = (
				en,
				Base,
			);
			mainGroup = 27C966411FDAFA6D00499A0B;
			productRefGroup = 27C9664B1FDAFA6D00499A0B /* Products */;
			projectDirPath = "";
			projectRoot = "";
			targets = (
				27C966491FDAFA6D00499A0B /* FlappyBirds */,
			);
		};
/* End PBXProject section */

/* Begin PBXResourcesBuildPhase section */
		27C966481FDAFA6D00499A0B /* Resources */ = {
			isa = PBXResourcesBuildPhase;
			buildActionMask = 2147483647;
			files = (
				271A3A851FDB03CA007BCBEC /* BirdTileSet.sks in Resources */,
				27C966591FDAFA6D00499A0B /* Main.storyboard in Resources */,
				27C966501FDAFA6D00499A0B /* GameScene_1.sks in Resources */,
				27C9665B1FDAFA6D00499A0B /* Assets.xcassets in Resources */,
				27C9665E1FDAFA6D00499A0B /* LaunchScreen.storyboard in Resources */,
			);
			runOnlyForDeploymentPostprocessing = 0;
		};
/* End PBXResourcesBuildPhase section */

/* Begin PBXSourcesBuildPhase section */
		27C966461FDAFA6D00499A0B /* Sources */ = {
			isa = PBXSourcesBuildPhase;
			buildActionMask = 2147483647;
			files = (
				27C966541FDAFA6D00499A0B /* GameScene.swift in Sources */,
				27497F521FE8263C007845DD /* SKNode+Extensions.swift in Sources */,
				275596A61FDEF536000A1ADD /* Block.swift in Sources */,
				27C77F171FF96EA400EDE264 /* MenuScene.swift in Sources */,
				27A104091FDC904E00BB1683 /* Configuration.swift in Sources */,
				27C966561FDAFA6D00499A0B /* GameViewController.swift in Sources */,
				271A3A8D1FDB0FDC007BCBEC /* GameCamera.swift in Sources */,
				2709DEBA1FDD77CC005C24A3 /* Bird.swift in Sources */,
				27C9664E1FDAFA6D00499A0B /* AppDelegate.swift in Sources */,
				27C77F191FF96EC900EDE264 /* LevelScene.swift in Sources */,
			);
			runOnlyForDeploymentPostprocessing = 0;
		};
/* End PBXSourcesBuildPhase section */

/* Begin PBXVariantGroup section */
		27C966571FDAFA6D00499A0B /* Main.storyboard */ = {
			isa = PBXVariantGroup;
			children = (
				27C966581FDAFA6D00499A0B /* Base */,
			);
			name = Main.storyboard;
			sourceTree = "<group>";
		};
		27C9665C1FDAFA6D00499A0B /* LaunchScreen.storyboard */ = {
			isa = PBXVariantGroup;
			children = (
				27C9665D1FDAFA6D00499A0B /* Base */,
			);
			name = LaunchScreen.storyboard;
			sourceTree = "<group>";
		};
/* End PBXVariantGroup section */

/* Begin XCBuildConfiguration section */
		27C966601FDAFA6D00499A0B /* Debug */ = {
			isa = XCBuildConfiguration;
			buildSettings = {
				ALWAYS_SEARCH_USER_PATHS = NO;
				CLANG_ANALYZER_NONNULL = YES;
				CLANG_ANALYZER_NUMBER_OBJECT_CONVERSION = YES_AGGRESSIVE;
				CLANG_CXX_LANGUAGE_STANDARD = "gnu++14";
				CLANG_CXX_LIBRARY = "libc++";
				CLANG_ENABLE_MODULES = YES;
				CLANG_ENABLE_OBJC_ARC = YES;
				CLANG_WARN_BLOCK_CAPTURE_AUTORELEASING = YES;
				CLANG_WARN_BOOL_CONVERSION = YES;
				CLANG_WARN_COMMA = YES;
				CLANG_WARN_CONSTANT_CONVERSION = YES;
				CLANG_WARN_DIRECT_OBJC_ISA_USAGE = YES_ERROR;
				CLANG_WARN_DOCUMENTATION_COMMENTS = YES;
				CLANG_WARN_EMPTY_BODY = YES;
				CLANG_WARN_ENUM_CONVERSION = YES;
				CLANG_WARN_INFINITE_RECURSION = YES;
				CLANG_WARN_INT_CONVERSION = YES;
				CLANG_WARN_NON_LITERAL_NULL_CONVERSION = YES;
				CLANG_WARN_OBJC_LITERAL_CONVERSION = YES;
				CLANG_WARN_OBJC_ROOT_CLASS = YES_ERROR;
				CLANG_WARN_RANGE_LOOP_ANALYSIS = YES;
				CLANG_WARN_STRICT_PROTOTYPES = YES;
				CLANG_WARN_SUSPICIOUS_MOVE = YES;
				CLANG_WARN_UNGUARDED_AVAILABILITY = YES_AGGRESSIVE;
				CLANG_WARN_UNREACHABLE_CODE = YES;
				CLANG_WARN__DUPLICATE_METHOD_MATCH = YES;
				CODE_SIGN_IDENTITY = "iPhone Developer";
				COPY_PHASE_STRIP = NO;
				DEBUG_INFORMATION_FORMAT = dwarf;
				ENABLE_STRICT_OBJC_MSGSEND = YES;
				ENABLE_TESTABILITY = YES;
				GCC_C_LANGUAGE_STANDARD = gnu11;
				GCC_DYNAMIC_NO_PIC = NO;
				GCC_NO_COMMON_BLOCKS = YES;
				GCC_OPTIMIZATION_LEVEL = 0;
				GCC_PREPROCESSOR_DEFINITIONS = (
					"DEBUG=1",
					"$(inherited)",
				);
				GCC_WARN_64_TO_32_BIT_CONVERSION = YES;
				GCC_WARN_ABOUT_RETURN_TYPE = YES_ERROR;
				GCC_WARN_UNDECLARED_SELECTOR = YES;
				GCC_WARN_UNINITIALIZED_AUTOS = YES_AGGRESSIVE;
				GCC_WARN_UNUSED_FUNCTION = YES;
				GCC_WARN_UNUSED_VARIABLE = YES;
				IPHONEOS_DEPLOYMENT_TARGET = 11.1;
				MTL_ENABLE_DEBUG_INFO = YES;
				ONLY_ACTIVE_ARCH = YES;
				SDKROOT = iphoneos;
				SWIFT_ACTIVE_COMPILATION_CONDITIONS = DEBUG;
				SWIFT_OPTIMIZATION_LEVEL = "-Onone";
			};
			name = Debug;
		};
		27C966611FDAFA6D00499A0B /* Release */ = {
			isa = XCBuildConfiguration;
			buildSettings = {
				ALWAYS_SEARCH_USER_PATHS = NO;
				CLANG_ANALYZER_NONNULL = YES;
				CLANG_ANALYZER_NUMBER_OBJECT_CONVERSION = YES_AGGRESSIVE;
				CLANG_CXX_LANGUAGE_STANDARD = "gnu++14";
				CLANG_CXX_LIBRARY = "libc++";
				CLANG_ENABLE_MODULES = YES;
				CLANG_ENABLE_OBJC_ARC = YES;
				CLANG_WARN_BLOCK_CAPTURE_AUTORELEASING = YES;
				CLANG_WARN_BOOL_CONVERSION = YES;
				CLANG_WARN_COMMA = YES;
				CLANG_WARN_CONSTANT_CONVERSION = YES;
				CLANG_WARN_DIRECT_OBJC_ISA_USAGE = YES_ERROR;
				CLANG_WARN_DOCUMENTATION_COMMENTS = YES;
				CLANG_WARN_EMPTY_BODY = YES;
				CLANG_WARN_ENUM_CONVERSION = YES;
				CLANG_WARN_INFINITE_RECURSION = YES;
				CLANG_WARN_INT_CONVERSION = YES;
				CLANG_WARN_NON_LITERAL_NULL_CONVERSION = YES;
				CLANG_WARN_OBJC_LITERAL_CONVERSION = YES;
				CLANG_WARN_OBJC_ROOT_CLASS = YES_ERROR;
				CLANG_WARN_RANGE_LOOP_ANALYSIS = YES;
				CLANG_WARN_STRICT_PROTOTYPES = YES;
				CLANG_WARN_SUSPICIOUS_MOVE = YES;
				CLANG_WARN_UNGUARDED_AVAILABILITY = YES_AGGRESSIVE;
				CLANG_WARN_UNREACHABLE_CODE = YES;
				CLANG_WARN__DUPLICATE_METHOD_MATCH = YES;
				CODE_SIGN_IDENTITY = "iPhone Developer";
				COPY_PHASE_STRIP = NO;
				DEBUG_INFORMATION_FORMAT = "dwarf-with-dsym";
				ENABLE_NS_ASSERTIONS = NO;
				ENABLE_STRICT_OBJC_MSGSEND = YES;
				GCC_C_LANGUAGE_STANDARD = gnu11;
				GCC_NO_COMMON_BLOCKS = YES;
				GCC_WARN_64_TO_32_BIT_CONVERSION = YES;
				GCC_WARN_ABOUT_RETURN_TYPE = YES_ERROR;
				GCC_WARN_UNDECLARED_SELECTOR = YES;
				GCC_WARN_UNINITIALIZED_AUTOS = YES_AGGRESSIVE;
				GCC_WARN_UNUSED_FUNCTION = YES;
				GCC_WARN_UNUSED_VARIABLE = YES;
				IPHONEOS_DEPLOYMENT_TARGET = 11.1;
				MTL_ENABLE_DEBUG_INFO = NO;
				SDKROOT = iphoneos;
				SWIFT_OPTIMIZATION_LEVEL = "-Owholemodule";
				VALIDATE_PRODUCT = YES;
			};
			name = Release;
		};
		27C966631FDAFA6D00499A0B /* Debug */ = {
			isa = XCBuildConfiguration;
			buildSettings = {
				ASSETCATALOG_COMPILER_APPICON_NAME = AppIcon;
				CODE_SIGN_STYLE = Automatic;
				DEVELOPMENT_TEAM = 4WU9L65MXB;
				INFOPLIST_FILE = FlappyBirds/Info.plist;
				LD_RUNPATH_SEARCH_PATHS = "$(inherited) @executable_path/Frameworks";
				PRODUCT_BUNDLE_IDENTIFIER = com.FarmLodge.FlappyBirds;
				PRODUCT_NAME = "$(TARGET_NAME)";
				SWIFT_VERSION = 4.0;
				TARGETED_DEVICE_FAMILY = "1,2";
			};
			name = Debug;
		};
		27C966641FDAFA6D00499A0B /* Release */ = {
			isa = XCBuildConfiguration;
			buildSettings = {
				ASSETCATALOG_COMPILER_APPICON_NAME = AppIcon;
				CODE_SIGN_STYLE = Automatic;
				DEVELOPMENT_TEAM = 4WU9L65MXB;
				INFOPLIST_FILE = FlappyBirds/Info.plist;
				LD_RUNPATH_SEARCH_PATHS = "$(inherited) @executable_path/Frameworks";
				PRODUCT_BUNDLE_IDENTIFIER = com.FarmLodge.FlappyBirds;
				PRODUCT_NAME = "$(TARGET_NAME)";
				SWIFT_VERSION = 4.0;
				TARGETED_DEVICE_FAMILY = "1,2";
			};
			name = Release;
		};
/* End XCBuildConfiguration section */

/* Begin XCConfigurationList section */
		27C966451FDAFA6D00499A0B /* Build configuration list for PBXProject "FlappyBirds" */ = {
			isa = XCConfigurationList;
			buildConfigurations = (
				27C966601FDAFA6D00499A0B /* Debug */,
				27C966611FDAFA6D00499A0B /* Release */,
			);
			defaultConfigurationIsVisible = 0;
			defaultConfigurationName = Release;
		};
		27C966621FDAFA6D00499A0B /* Build configuration list for PBXNativeTarget "FlappyBirds" */ = {
			isa = XCConfigurationList;
			buildConfigurations = (
				27C966631FDAFA6D00499A0B /* Debug */,
				27C966641FDAFA6D00499A0B /* Release */,
			);
			defaultConfigurationIsVisible = 0;
			defaultConfigurationName = Release;
		};
/* End XCConfigurationList section */
	};
	rootObject = 27C966421FDAFA6D00499A0B /* Project object */;
}
